PODS:
  - GoogleAnalytics (3.17.0)
  - ZappAnalyticsPluginsSDK (8.0.4):
    - ZappPlugins
  - ZappPlugins (9.1.8)

DEPENDENCIES:
  - GoogleAnalytics (~> 3.17.0)
  - ZappAnalyticsPluginsSDK (~> 8.0.4)
  - ZappPlugins (~> 9.1.8)

SPEC REPOS:
  "git@github.com:applicaster/CocoaPods-Private.git":
    - ZappAnalyticsPluginsSDK
  "git@github.com:applicaster/CocoaPods.git":
    - ZappPlugins
  https://github.com/cocoapods/specs.git:
    - GoogleAnalytics

SPEC CHECKSUMS:
  GoogleAnalytics: f42cc53a87a51fe94334821868d9c8481ff47a7b
  ZappAnalyticsPluginsSDK: 6f8edcddc12ae4001098a3fa6fe87e6fe1a013bd
  ZappPlugins: 19d19d6fe70d39a4fc5a323e6a9146e0ab629970

PODFILE CHECKSUM: 80777df7bca095a3de22834035c5ef7ba0de4c43

COCOAPODS: 1.7.5
