PODS:
  - GoogleAnalytics (3.17.0)
  - Toaster (2.2.0.0)
  - ZappAnalyticsPluginsSDK (5.0.5):
    - Toaster
    - ZappPlugins
  - ZappPlugins (6.0.15)

DEPENDENCIES:
  - GoogleAnalytics (~> 3.17.0)
  - ZappAnalyticsPluginsSDK (~> 5.0.0)
  - ZappPlugins (~> 6.0.12)

SPEC REPOS:
  "git@github.com:applicaster/CocoaPods-Private.git":
    - ZappAnalyticsPluginsSDK
  "git@github.com:applicaster/CocoaPods.git":
    - Toaster
    - ZappPlugins
  https://github.com/cocoapods/specs.git:
    - GoogleAnalytics

SPEC CHECKSUMS:
  GoogleAnalytics: f42cc53a87a51fe94334821868d9c8481ff47a7b
  Toaster: c06c2bb68c93d6017780220d5d76dc6ffdd14688
  ZappAnalyticsPluginsSDK: 4c12820946d027c3a5267fcdfd3b47aea1b88c89
  ZappPlugins: a2176b1712e379b9d37fd15f3c9cc9b5d114b83f

PODFILE CHECKSUM: fda2852c901ec003529934e1c882acf762196357

COCOAPODS: 1.5.3
