PODS:
  - GoogleAnalytics (3.17.0)
  - Toaster (2.2.0.0)
  - ZappAnalyticsPluginsSDK (7.0.0):
    - Toaster
    - ZappPlugins
  - ZappPlugins (8.0.0)

DEPENDENCIES:
  - GoogleAnalytics (~> 3.17.0)
  - ZappAnalyticsPluginsSDK (~> 7.0.0)

SPEC REPOS:
  "git@github.com:applicaster/CocoaPods-Private.git":
    - ZappAnalyticsPluginsSDK
  "git@github.com:applicaster/CocoaPods.git":
    - Toaster
    - ZappPlugins
  https://github.com/cocoapods/specs.git:
    - GoogleAnalytics

SPEC CHECKSUMS:
  GoogleAnalytics: f42cc53a87a51fe94334821868d9c8481ff47a7b
  Toaster: 7464b87db5bd9453043bd3cf0fc79219cc9803f1
  ZappAnalyticsPluginsSDK: d298f6c0d8624e3eb6cd372eca56ca78143d722e
  ZappPlugins: fa02c453fa7d9135d68f4959d48389c8cb9e5465

PODFILE CHECKSUM: 17710653ba3aa0253301b8172cd8ac5995cb9d7d

COCOAPODS: 1.5.3
